// !$*UTF8*$!
{
	archiveVersion = 1;
	classes = {
	};
	objectVersion = 50;
	objects = {

/* Begin PBXBuildFile section */
		210B9A3C26E653740071E876 /* Dashboard.storyboard in Resources */ = {isa = PBXBuildFile; fileRef = 210B9A3B26E653740071E876 /* Dashboard.storyboard */; };
		2131927C26EF6E0700E65AF0 /* DashTextItem.m in Sources */ = {isa = PBXBuildFile; fileRef = 2131927026EF6E0600E65AF0 /* DashTextItem.m */; };
		2131927D26EF6E0700E65AF0 /* DashOptionListItem.m in Sources */ = {isa = PBXBuildFile; fileRef = 2131927126EF6E0600E65AF0 /* DashOptionListItem.m */; };
		2131927E26EF6E0700E65AF0 /* DashCustomItem.m in Sources */ = {isa = PBXBuildFile; fileRef = 2131927326EF6E0600E65AF0 /* DashCustomItem.m */; };
		2131927F26EF6E0700E65AF0 /* DashSwitchItem.m in Sources */ = {isa = PBXBuildFile; fileRef = 2131927526EF6E0600E65AF0 /* DashSwitchItem.m */; };
		2131928126EF6E0700E65AF0 /* DashItem.m in Sources */ = {isa = PBXBuildFile; fileRef = 2131927926EF6E0600E65AF0 /* DashItem.m */; };
		2131928226EF6E0700E65AF0 /* DashOptionItem.m in Sources */ = {isa = PBXBuildFile; fileRef = 2131927A26EF6E0600E65AF0 /* DashOptionItem.m */; };
		2131928626EF8BF000E65AF0 /* Dashboard.m in Sources */ = {isa = PBXBuildFile; fileRef = 2131928526EF8BF000E65AF0 /* Dashboard.m */; };
		2171417E26E752CC00BD7969 /* SwitchViewSegue.m in Sources */ = {isa = PBXBuildFile; fileRef = 2171417D26E752CC00BD7969 /* SwitchViewSegue.m */; };
		2171418126E7573100BD7969 /* DashCollectionViewController.m in Sources */ = {isa = PBXBuildFile; fileRef = 2171418026E7573100BD7969 /* DashCollectionViewController.m */; };
		21ACFBAB26F4996E00737875 /* DashGroupItem.m in Sources */ = {isa = PBXBuildFile; fileRef = 21ACFBAA26F4996E00737875 /* DashGroupItem.m */; };
		21ACFBAE26F4A3E300737875 /* DashSliderItem.m in Sources */ = {isa = PBXBuildFile; fileRef = 21ACFBAC26F4A3E300737875 /* DashSliderItem.m */; };
		21EF4EC526F1DEE40019C488 /* DashUtils.m in Sources */ = {isa = PBXBuildFile; fileRef = 21EF4EC426F1DEE40019C488 /* DashUtils.m */; };
		21EF4EC826F1E6280019C488 /* NSString+HELUtils.m in Sources */ = {isa = PBXBuildFile; fileRef = 21EF4EC726F1E6270019C488 /* NSString+HELUtils.m */; };
		2A02D7FD218B4EFA005E6934 /* TopicsListTableViewCell.m in Sources */ = {isa = PBXBuildFile; fileRef = 2A02D7FC218B4EFA005E6934 /* TopicsListTableViewCell.m */; };
		2A0E8DF3218332780080DF12 /* AddTopicTableViewController.m in Sources */ = {isa = PBXBuildFile; fileRef = 2A0E8DF2218332780080DF12 /* AddTopicTableViewController.m */; };
		2A197D832195810300CDF015 /* PrivacyPolicyTableViewController.m in Sources */ = {isa = PBXBuildFile; fileRef = 2A197D822195810300CDF015 /* PrivacyPolicyTableViewController.m */; };
		2A2859CE2142A02800CFA5DC /* GCDAsyncSocket.m in Sources */ = {isa = PBXBuildFile; fileRef = 2A2859CC2142A02800CFA5DC /* GCDAsyncSocket.m */; };
		2A2859D12142CC7000CFA5DC /* Cmd.m in Sources */ = {isa = PBXBuildFile; fileRef = 2A2859D02142CC7000CFA5DC /* Cmd.m */; };
		2A7DFF85213EAF6E001B1546 /* ServerListTableViewController.m in Sources */ = {isa = PBXBuildFile; fileRef = 2A7DFF84213EAF6E001B1546 /* ServerListTableViewController.m */; };
		2A8D676A2178A1F300A3B3AF /* TopicsListTableViewController.m in Sources */ = {isa = PBXBuildFile; fileRef = 2A8D67692178A1F300A3B3AF /* TopicsListTableViewController.m */; };
		2AC9308B214BEECD00B603B4 /* MessageTableViewCell.m in Sources */ = {isa = PBXBuildFile; fileRef = 2AC9308A214BEECD00B603B4 /* MessageTableViewCell.m */; };
		2ADAB1892181DE3200EBDC4D /* Topic.m in Sources */ = {isa = PBXBuildFile; fileRef = 2ADAB1882181DE3200EBDC4D /* Topic.m */; };
		2ADBE457213D7515000664D3 /* AppDelegate.m in Sources */ = {isa = PBXBuildFile; fileRef = 2ADBE456213D7515000664D3 /* AppDelegate.m */; };
		2ADBE45D213D7515000664D3 /* Main.storyboard in Resources */ = {isa = PBXBuildFile; fileRef = 2ADBE45B213D7515000664D3 /* Main.storyboard */; };
		2ADBE45F213D7516000664D3 /* Assets.xcassets in Resources */ = {isa = PBXBuildFile; fileRef = 2ADBE45E213D7516000664D3 /* Assets.xcassets */; };
		2ADBE462213D7516000664D3 /* LaunchScreen.storyboard in Resources */ = {isa = PBXBuildFile; fileRef = 2ADBE460213D7516000664D3 /* LaunchScreen.storyboard */; };
		2ADBE465213D7516000664D3 /* main.m in Sources */ = {isa = PBXBuildFile; fileRef = 2ADBE464213D7516000664D3 /* main.m */; };
		2ADFE5682166286600FB19E4 /* MessageDataHandler.m in Sources */ = {isa = PBXBuildFile; fileRef = 2ADFE5672166286600FB19E4 /* MessageDataHandler.m */; };
		2AE045892191EC920010C027 /* AddActionTableViewController.m in Sources */ = {isa = PBXBuildFile; fileRef = 2AE045882191EC920010C027 /* AddActionTableViewController.m */; };
		2AE5697B219481D30037FE30 /* AboutTableViewController.m in Sources */ = {isa = PBXBuildFile; fileRef = 2AE5697A219481D30037FE30 /* AboutTableViewController.m */; };
		2AE57BC221906A3900012A04 /* Action.m in Sources */ = {isa = PBXBuildFile; fileRef = 2AE57BC121906A3900012A04 /* Action.m */; };
		2AE57BC52190826600012A04 /* ActionListTableViewController.m in Sources */ = {isa = PBXBuildFile; fileRef = 2AE57BC42190826600012A04 /* ActionListTableViewController.m */; };
		2AE609142146B3EF004F30B2 /* Connection.m in Sources */ = {isa = PBXBuildFile; fileRef = 2AE609132146B3EF004F30B2 /* Connection.m */; };
		2AE87DBE214AA9AB0057935D /* FCMData.m in Sources */ = {isa = PBXBuildFile; fileRef = 2AE87DBD214AA9AB0057935D /* FCMData.m */; };
		2AEAF64021634F23001528E6 /* ServerListTableViewCell.m in Sources */ = {isa = PBXBuildFile; fileRef = 2AEAF63F21634F23001528E6 /* ServerListTableViewCell.m */; };
		2AEB225C2237E959008E2BC0 /* JavaScriptFilter.m in Sources */ = {isa = PBXBuildFile; fileRef = 2AEB225B2237E959008E2BC0 /* JavaScriptFilter.m */; };
		2AEC5FCC214011890097D99A /* MessageListTableViewController.m in Sources */ = {isa = PBXBuildFile; fileRef = 2AEC5FCB214011890097D99A /* MessageListTableViewController.m */; };
		2AF2BE62213FCC45009B57C7 /* ServerSetupTableViewController.m in Sources */ = {isa = PBXBuildFile; fileRef = 2AF2BE61213FCC45009B57C7 /* ServerSetupTableViewController.m */; };
		2AFBCDCA222D29A50070C98C /* ScriptViewController.m in Sources */ = {isa = PBXBuildFile; fileRef = 2AFBCDC9222D29A50070C98C /* ScriptViewController.m */; };
		84095D0721903E8300CFC1DB /* Message.m in Sources */ = {isa = PBXBuildFile; fileRef = 84095D0621903E8300CFC1DB /* Message.m */; };
		84095D0821903E8E00CFC1DB /* Message.m in Sources */ = {isa = PBXBuildFile; fileRef = 84095D0621903E8300CFC1DB /* Message.m */; };
		84095D0A2190827300CFC1DB /* ca-certificate.der in Resources */ = {isa = PBXBuildFile; fileRef = 84095D092190827300CFC1DB /* ca-certificate.der */; };
		8412B3A821B030410070846D /* NotificationQueue.m in Sources */ = {isa = PBXBuildFile; fileRef = 843578ED21AFF11F00F5B2F2 /* NotificationQueue.m */; };
		841E1EED24585D3D00E6E0CD /* javascript_color.js in Resources */ = {isa = PBXBuildFile; fileRef = 841E1EEC24585D3D00E6E0CD /* javascript_color.js */; };
		841E1EF224586A5E00E6E0CD /* ViewParameter.m in Sources */ = {isa = PBXBuildFile; fileRef = 841E1EF124586A5E00E6E0CD /* ViewParameter.m */; };
		841E1EF324586C7C00E6E0CD /* ViewParameter.m in Sources */ = {isa = PBXBuildFile; fileRef = 841E1EF124586A5E00E6E0CD /* ViewParameter.m */; };
		843578EE21AFF11F00F5B2F2 /* NotificationQueue.m in Sources */ = {isa = PBXBuildFile; fileRef = 843578ED21AFF11F00F5B2F2 /* NotificationQueue.m */; };
		843BE3C5221D4C370039EF7C /* Utils.m in Sources */ = {isa = PBXBuildFile; fileRef = 843BE3C4221D4C370039EF7C /* Utils.m */; };
		843D35E62227EDBD00251D31 /* TokenManager.m in Sources */ = {isa = PBXBuildFile; fileRef = 843D35E52227EDBD00251D31 /* TokenManager.m */; };
		843E778721B9634A0071A6E8 /* UIAlertController+Window.m in Sources */ = {isa = PBXBuildFile; fileRef = 843E778621B9634A0071A6E8 /* UIAlertController+Window.m */; };
		843F4DDD2241208600742AAE /* Account.m in Sources */ = {isa = PBXBuildFile; fileRef = 847874E1217760F00059881B /* Account.m */; };
		843F4DDE224121B200742AAE /* AccountList.m in Sources */ = {isa = PBXBuildFile; fileRef = 847874E5217762B00059881B /* AccountList.m */; };
		843F4DDF224128B600742AAE /* Topic.m in Sources */ = {isa = PBXBuildFile; fileRef = 2ADAB1882181DE3200EBDC4D /* Topic.m */; };
		843F4DE022412ACC00742AAE /* JavaScriptFilter.m in Sources */ = {isa = PBXBuildFile; fileRef = 2AEB225B2237E959008E2BC0 /* JavaScriptFilter.m */; };
		847874E2217760F00059881B /* Account.m in Sources */ = {isa = PBXBuildFile; fileRef = 847874E1217760F00059881B /* Account.m */; };
		847874E6217762B10059881B /* AccountList.m in Sources */ = {isa = PBXBuildFile; fileRef = 847874E5217762B00059881B /* AccountList.m */; };
		847874EC2177777B0059881B /* NSDictionary+HelSafeAccessors.m in Sources */ = {isa = PBXBuildFile; fileRef = 847874EA2177777B0059881B /* NSDictionary+HelSafeAccessors.m */; };
		847874ED2177777B0059881B /* NSDictionary+HelSafeAccessors.m in Sources */ = {isa = PBXBuildFile; fileRef = 847874EA2177777B0059881B /* NSDictionary+HelSafeAccessors.m */; };
		847874EE2177777B0059881B /* KeychainUtils.m in Sources */ = {isa = PBXBuildFile; fileRef = 847874EB2177777B0059881B /* KeychainUtils.m */; };
		847874F2217865700059881B /* SharedConstants.m in Sources */ = {isa = PBXBuildFile; fileRef = 847874F1217865700059881B /* SharedConstants.m */; };
		847874F3217865700059881B /* SharedConstants.m in Sources */ = {isa = PBXBuildFile; fileRef = 847874F1217865700059881B /* SharedConstants.m */; };
		84A7CFD32238003100E17D03 /* ScriptViewSectionHeader.m in Sources */ = {isa = PBXBuildFile; fileRef = 84A7CFD22238003100E17D03 /* ScriptViewSectionHeader.m */; };
		84A7CFD52238006900E17D03 /* ScriptViewSectionHeader.xib in Resources */ = {isa = PBXBuildFile; fileRef = 84A7CFD42238006900E17D03 /* ScriptViewSectionHeader.xib */; };
		84B045602181DB8100C261F8 /* MessageDataHandler.m in Sources */ = {isa = PBXBuildFile; fileRef = 2ADFE5672166286600FB19E4 /* MessageDataHandler.m */; };
		84B49946217F595E0016F9CB /* MQTT.xcdatamodeld in Sources */ = {isa = PBXBuildFile; fileRef = 84B49944217F595E0016F9CB /* MQTT.xcdatamodeld */; };
		84B49950217F5B720016F9CB /* CDMessage+CoreDataClass.m in Sources */ = {isa = PBXBuildFile; fileRef = 84B49949217F5B720016F9CB /* CDMessage+CoreDataClass.m */; };
		84B49952217F5B720016F9CB /* CDAccount+CoreDataClass.m in Sources */ = {isa = PBXBuildFile; fileRef = 84B4994A217F5B720016F9CB /* CDAccount+CoreDataClass.m */; };
		84B49954217F5B720016F9CB /* CDMessage+CoreDataProperties.m in Sources */ = {isa = PBXBuildFile; fileRef = 84B4994B217F5B720016F9CB /* CDMessage+CoreDataProperties.m */; };
		84B49956217F5B720016F9CB /* CDAccount+CoreDataProperties.m in Sources */ = {isa = PBXBuildFile; fileRef = 84B4994D217F5B720016F9CB /* CDAccount+CoreDataProperties.m */; };
		84B9EDC92175E0A1001A9D7D /* NotificationService.m in Sources */ = {isa = PBXBuildFile; fileRef = 84B9EDC82175E0A1001A9D7D /* NotificationService.m */; };
		84B9EDCD2175E0A1001A9D7D /* MQTTPushClientServiceExtension.appex in Embed App Extensions */ = {isa = PBXBuildFile; fileRef = 84B9EDC52175E0A1001A9D7D /* MQTTPushClientServiceExtension.appex */; settings = {ATTRIBUTES = (RemoveHeadersOnCopy, ); }; };
		84C0F73221BAA4D200AB4EB1 /* TrustHandler.m in Sources */ = {isa = PBXBuildFile; fileRef = 84C0F73121BAA4D200AB4EB1 /* TrustHandler.m */; };
		84D6352E2243B75C0024E5A2 /* DynamicButton.m in Sources */ = {isa = PBXBuildFile; fileRef = 84D6352D2243B75C0024E5A2 /* DynamicButton.m */; };
		84F4B46F2232950F00197005 /* ExampleJSON.js in Resources */ = {isa = PBXBuildFile; fileRef = 84F4B46E2232950F00197005 /* ExampleJSON.js */; };
		84F4B4712232955F00197005 /* ExampleSplit.js in Resources */ = {isa = PBXBuildFile; fileRef = 84F4B4702232955F00197005 /* ExampleSplit.js */; };
		84F4B4732232962700197005 /* ExampleRegularExpression.js in Resources */ = {isa = PBXBuildFile; fileRef = 84F4B4722232962700197005 /* ExampleRegularExpression.js */; };
		84F4B4752232966100197005 /* ExampleBinary.js in Resources */ = {isa = PBXBuildFile; fileRef = 84F4B4742232966100197005 /* ExampleBinary.js */; };
		84F4B477223296C900197005 /* ExampleHexdump.js in Resources */ = {isa = PBXBuildFile; fileRef = 84F4B476223296C900197005 /* ExampleHexdump.js */; };
		84F4B47A2232AFB800197005 /* ScriptListTableViewController.m in Sources */ = {isa = PBXBuildFile; fileRef = 84F4B4792232AFB800197005 /* ScriptListTableViewController.m */; };
		84F4B47E2232BC5D00197005 /* ExampleScripts.plist in Resources */ = {isa = PBXBuildFile; fileRef = 84F4B47D2232BC5D00197005 /* ExampleScripts.plist */; };
		A34141AFBF3B4839BBA7704B /* libPods-MQTTPushClient.a in Frameworks */ = {isa = PBXBuildFile; fileRef = E1C1CEADCD6E609A37A85507 /* libPods-MQTTPushClient.a */; };
/* End PBXBuildFile section */

/* Begin PBXContainerItemProxy section */
		84B9EDCB2175E0A1001A9D7D /* PBXContainerItemProxy */ = {
			isa = PBXContainerItemProxy;
			containerPortal = 2ADBE44A213D7515000664D3 /* Project object */;
			proxyType = 1;
			remoteGlobalIDString = 84B9EDC42175E0A1001A9D7D;
			remoteInfo = MQTTPushClientServiceExtension;
		};
/* End PBXContainerItemProxy section */

/* Begin PBXCopyFilesBuildPhase section */
		84B9EDD12175E0A1001A9D7D /* Embed App Extensions */ = {
			isa = PBXCopyFilesBuildPhase;
			buildActionMask = 2147483647;
			dstPath = "";
			dstSubfolderSpec = 13;
			files = (
				84B9EDCD2175E0A1001A9D7D /* MQTTPushClientServiceExtension.appex in Embed App Extensions */,
			);
			name = "Embed App Extensions";
			runOnlyForDeploymentPostprocessing = 0;
		};
/* End PBXCopyFilesBuildPhase section */

/* Begin PBXFileReference section */
		0DC97F4BF288E69FF275C3DC /* Pods-MQTTPushClient.release.xcconfig */ = {isa = PBXFileReference; includeInIndex = 1; lastKnownFileType = text.xcconfig; name = "Pods-MQTTPushClient.release.xcconfig"; path = "Pods/Target Support Files/Pods-MQTTPushClient/Pods-MQTTPushClient.release.xcconfig"; sourceTree = "<group>"; };
		210B9A3B26E653740071E876 /* Dashboard.storyboard */ = {isa = PBXFileReference; lastKnownFileType = file.storyboard; path = Dashboard.storyboard; sourceTree = "<group>"; };
		2131926E26EF6E0600E65AF0 /* DashOptionListItem.h */ = {isa = PBXFileReference; fileEncoding = 4; lastKnownFileType = sourcecode.c.h; path = DashOptionListItem.h; sourceTree = "<group>"; };
		2131927026EF6E0600E65AF0 /* DashTextItem.m */ = {isa = PBXFileReference; fileEncoding = 4; lastKnownFileType = sourcecode.c.objc; path = DashTextItem.m; sourceTree = "<group>"; };
		2131927126EF6E0600E65AF0 /* DashOptionListItem.m */ = {isa = PBXFileReference; fileEncoding = 4; lastKnownFileType = sourcecode.c.objc; path = DashOptionListItem.m; sourceTree = "<group>"; };
		2131927226EF6E0600E65AF0 /* DashTextItem.h */ = {isa = PBXFileReference; fileEncoding = 4; lastKnownFileType = sourcecode.c.h; path = DashTextItem.h; sourceTree = "<group>"; };
		2131927326EF6E0600E65AF0 /* DashCustomItem.m */ = {isa = PBXFileReference; fileEncoding = 4; lastKnownFileType = sourcecode.c.objc; path = DashCustomItem.m; sourceTree = "<group>"; };
		2131927426EF6E0600E65AF0 /* DashOptionItem.h */ = {isa = PBXFileReference; fileEncoding = 4; lastKnownFileType = sourcecode.c.h; path = DashOptionItem.h; sourceTree = "<group>"; };
		2131927526EF6E0600E65AF0 /* DashSwitchItem.m */ = {isa = PBXFileReference; fileEncoding = 4; lastKnownFileType = sourcecode.c.objc; path = DashSwitchItem.m; sourceTree = "<group>"; };
		2131927626EF6E0600E65AF0 /* DashItem.h */ = {isa = PBXFileReference; fileEncoding = 4; lastKnownFileType = sourcecode.c.h; path = DashItem.h; sourceTree = "<group>"; };
		2131927826EF6E0600E65AF0 /* DashSwitchItem.h */ = {isa = PBXFileReference; fileEncoding = 4; lastKnownFileType = sourcecode.c.h; path = DashSwitchItem.h; sourceTree = "<group>"; };
		2131927926EF6E0600E65AF0 /* DashItem.m */ = {isa = PBXFileReference; fileEncoding = 4; lastKnownFileType = sourcecode.c.objc; path = DashItem.m; sourceTree = "<group>"; };
		2131927A26EF6E0600E65AF0 /* DashOptionItem.m */ = {isa = PBXFileReference; fileEncoding = 4; lastKnownFileType = sourcecode.c.objc; path = DashOptionItem.m; sourceTree = "<group>"; };
		2131927B26EF6E0700E65AF0 /* DashCustomItem.h */ = {isa = PBXFileReference; fileEncoding = 4; lastKnownFileType = sourcecode.c.h; path = DashCustomItem.h; sourceTree = "<group>"; };
		2131928326EF730C00E65AF0 /* DashConsts.h */ = {isa = PBXFileReference; lastKnownFileType = sourcecode.c.h; path = DashConsts.h; sourceTree = "<group>"; };
		2131928426EF8BF000E65AF0 /* Dashboard.h */ = {isa = PBXFileReference; lastKnownFileType = sourcecode.c.h; path = Dashboard.h; sourceTree = "<group>"; };
		2131928526EF8BF000E65AF0 /* Dashboard.m */ = {isa = PBXFileReference; lastKnownFileType = sourcecode.c.objc; path = Dashboard.m; sourceTree = "<group>"; };
		2171417C26E752CC00BD7969 /* SwitchViewSegue.h */ = {isa = PBXFileReference; lastKnownFileType = sourcecode.c.h; path = SwitchViewSegue.h; sourceTree = "<group>"; };
		2171417D26E752CC00BD7969 /* SwitchViewSegue.m */ = {isa = PBXFileReference; lastKnownFileType = sourcecode.c.objc; path = SwitchViewSegue.m; sourceTree = "<group>"; };
		2171417F26E7573100BD7969 /* DashCollectionViewController.h */ = {isa = PBXFileReference; lastKnownFileType = sourcecode.c.h; path = DashCollectionViewController.h; sourceTree = "<group>"; };
		2171418026E7573100BD7969 /* DashCollectionViewController.m */ = {isa = PBXFileReference; lastKnownFileType = sourcecode.c.objc; path = DashCollectionViewController.m; sourceTree = "<group>"; };
		21ACFBA926F4996E00737875 /* DashGroupItem.h */ = {isa = PBXFileReference; lastKnownFileType = sourcecode.c.h; path = DashGroupItem.h; sourceTree = "<group>"; };
		21ACFBAA26F4996E00737875 /* DashGroupItem.m */ = {isa = PBXFileReference; lastKnownFileType = sourcecode.c.objc; path = DashGroupItem.m; sourceTree = "<group>"; };
		21ACFBAC26F4A3E300737875 /* DashSliderItem.m */ = {isa = PBXFileReference; fileEncoding = 4; lastKnownFileType = sourcecode.c.objc; path = DashSliderItem.m; sourceTree = "<group>"; };
		21ACFBAD26F4A3E300737875 /* DashSliderItem.h */ = {isa = PBXFileReference; fileEncoding = 4; lastKnownFileType = sourcecode.c.h; path = DashSliderItem.h; sourceTree = "<group>"; };
		21EF4EC326F1DEE40019C488 /* DashUtils.h */ = {isa = PBXFileReference; lastKnownFileType = sourcecode.c.h; path = DashUtils.h; sourceTree = "<group>"; };
		21EF4EC426F1DEE40019C488 /* DashUtils.m */ = {isa = PBXFileReference; lastKnownFileType = sourcecode.c.objc; path = DashUtils.m; sourceTree = "<group>"; };
		21EF4EC626F1E6270019C488 /* NSString+HELUtils.h */ = {isa = PBXFileReference; fileEncoding = 4; lastKnownFileType = sourcecode.c.h; path = "NSString+HELUtils.h"; sourceTree = "<group>"; };
		21EF4EC726F1E6270019C488 /* NSString+HELUtils.m */ = {isa = PBXFileReference; fileEncoding = 4; lastKnownFileType = sourcecode.c.objc; path = "NSString+HELUtils.m"; sourceTree = "<group>"; };
		2A02D7FB218B4EFA005E6934 /* TopicsListTableViewCell.h */ = {isa = PBXFileReference; lastKnownFileType = sourcecode.c.h; path = TopicsListTableViewCell.h; sourceTree = "<group>"; };
		2A02D7FC218B4EFA005E6934 /* TopicsListTableViewCell.m */ = {isa = PBXFileReference; lastKnownFileType = sourcecode.c.objc; path = TopicsListTableViewCell.m; sourceTree = "<group>"; };
		2A0E8DF1218332780080DF12 /* AddTopicTableViewController.h */ = {isa = PBXFileReference; lastKnownFileType = sourcecode.c.h; path = AddTopicTableViewController.h; sourceTree = "<group>"; };
		2A0E8DF2218332780080DF12 /* AddTopicTableViewController.m */ = {isa = PBXFileReference; lastKnownFileType = sourcecode.c.objc; path = AddTopicTableViewController.m; sourceTree = "<group>"; };
		2A197D812195810300CDF015 /* PrivacyPolicyTableViewController.h */ = {isa = PBXFileReference; lastKnownFileType = sourcecode.c.h; path = PrivacyPolicyTableViewController.h; sourceTree = "<group>"; };
		2A197D822195810300CDF015 /* PrivacyPolicyTableViewController.m */ = {isa = PBXFileReference; lastKnownFileType = sourcecode.c.objc; path = PrivacyPolicyTableViewController.m; sourceTree = "<group>"; };
		2A2859CC2142A02800CFA5DC /* GCDAsyncSocket.m */ = {isa = PBXFileReference; fileEncoding = 4; lastKnownFileType = sourcecode.c.objc; path = GCDAsyncSocket.m; sourceTree = "<group>"; };
		2A2859CD2142A02800CFA5DC /* GCDAsyncSocket.h */ = {isa = PBXFileReference; fileEncoding = 4; lastKnownFileType = sourcecode.c.h; path = GCDAsyncSocket.h; sourceTree = "<group>"; };
		2A2859CF2142CC7000CFA5DC /* Cmd.h */ = {isa = PBXFileReference; lastKnownFileType = sourcecode.c.h; path = Cmd.h; sourceTree = "<group>"; };
		2A2859D02142CC7000CFA5DC /* Cmd.m */ = {isa = PBXFileReference; lastKnownFileType = sourcecode.c.objc; path = Cmd.m; sourceTree = "<group>"; };
		2A7DFF83213EAF6E001B1546 /* ServerListTableViewController.h */ = {isa = PBXFileReference; lastKnownFileType = sourcecode.c.h; path = ServerListTableViewController.h; sourceTree = "<group>"; };
		2A7DFF84213EAF6E001B1546 /* ServerListTableViewController.m */ = {isa = PBXFileReference; lastKnownFileType = sourcecode.c.objc; path = ServerListTableViewController.m; sourceTree = "<group>"; };
		2A8D67682178A1F300A3B3AF /* TopicsListTableViewController.h */ = {isa = PBXFileReference; lastKnownFileType = sourcecode.c.h; path = TopicsListTableViewController.h; sourceTree = "<group>"; };
		2A8D67692178A1F300A3B3AF /* TopicsListTableViewController.m */ = {isa = PBXFileReference; lastKnownFileType = sourcecode.c.objc; path = TopicsListTableViewController.m; sourceTree = "<group>"; };
		2AC93089214BEECD00B603B4 /* MessageTableViewCell.h */ = {isa = PBXFileReference; lastKnownFileType = sourcecode.c.h; path = MessageTableViewCell.h; sourceTree = "<group>"; };
		2AC9308A214BEECD00B603B4 /* MessageTableViewCell.m */ = {isa = PBXFileReference; lastKnownFileType = sourcecode.c.objc; path = MessageTableViewCell.m; sourceTree = "<group>"; };
		2ADAB1872181DE3200EBDC4D /* Topic.h */ = {isa = PBXFileReference; lastKnownFileType = sourcecode.c.h; path = Topic.h; sourceTree = "<group>"; };
		2ADAB1882181DE3200EBDC4D /* Topic.m */ = {isa = PBXFileReference; lastKnownFileType = sourcecode.c.objc; path = Topic.m; sourceTree = "<group>"; };
		2ADBE452213D7515000664D3 /* MQTTPushClient.app */ = {isa = PBXFileReference; explicitFileType = wrapper.application; includeInIndex = 0; path = MQTTPushClient.app; sourceTree = BUILT_PRODUCTS_DIR; };
		2ADBE455213D7515000664D3 /* AppDelegate.h */ = {isa = PBXFileReference; lastKnownFileType = sourcecode.c.h; path = AppDelegate.h; sourceTree = "<group>"; };
		2ADBE456213D7515000664D3 /* AppDelegate.m */ = {isa = PBXFileReference; lastKnownFileType = sourcecode.c.objc; path = AppDelegate.m; sourceTree = "<group>"; };
		2ADBE45C213D7515000664D3 /* Base */ = {isa = PBXFileReference; lastKnownFileType = file.storyboard; name = Base; path = Base.lproj/Main.storyboard; sourceTree = "<group>"; };
		2ADBE45E213D7516000664D3 /* Assets.xcassets */ = {isa = PBXFileReference; lastKnownFileType = folder.assetcatalog; path = Assets.xcassets; sourceTree = "<group>"; };
		2ADBE461213D7516000664D3 /* Base */ = {isa = PBXFileReference; lastKnownFileType = file.storyboard; name = Base; path = Base.lproj/LaunchScreen.storyboard; sourceTree = "<group>"; };
		2ADBE463213D7516000664D3 /* Info.plist */ = {isa = PBXFileReference; lastKnownFileType = text.plist.xml; path = Info.plist; sourceTree = "<group>"; };
		2ADBE464213D7516000664D3 /* main.m */ = {isa = PBXFileReference; lastKnownFileType = sourcecode.c.objc; path = main.m; sourceTree = "<group>"; };
		2ADFE5662166286600FB19E4 /* MessageDataHandler.h */ = {isa = PBXFileReference; lastKnownFileType = sourcecode.c.h; path = MessageDataHandler.h; sourceTree = "<group>"; };
		2ADFE5672166286600FB19E4 /* MessageDataHandler.m */ = {isa = PBXFileReference; lastKnownFileType = sourcecode.c.objc; path = MessageDataHandler.m; sourceTree = "<group>"; };
		2AE045872191EC920010C027 /* AddActionTableViewController.h */ = {isa = PBXFileReference; lastKnownFileType = sourcecode.c.h; path = AddActionTableViewController.h; sourceTree = "<group>"; };
		2AE045882191EC920010C027 /* AddActionTableViewController.m */ = {isa = PBXFileReference; lastKnownFileType = sourcecode.c.objc; path = AddActionTableViewController.m; sourceTree = "<group>"; };
		2AE56979219481D30037FE30 /* AboutTableViewController.h */ = {isa = PBXFileReference; lastKnownFileType = sourcecode.c.h; path = AboutTableViewController.h; sourceTree = "<group>"; };
		2AE5697A219481D30037FE30 /* AboutTableViewController.m */ = {isa = PBXFileReference; lastKnownFileType = sourcecode.c.objc; path = AboutTableViewController.m; sourceTree = "<group>"; };
		2AE57BC021906A3900012A04 /* Action.h */ = {isa = PBXFileReference; lastKnownFileType = sourcecode.c.h; path = Action.h; sourceTree = "<group>"; };
		2AE57BC121906A3900012A04 /* Action.m */ = {isa = PBXFileReference; lastKnownFileType = sourcecode.c.objc; path = Action.m; sourceTree = "<group>"; };
		2AE57BC32190826600012A04 /* ActionListTableViewController.h */ = {isa = PBXFileReference; lastKnownFileType = sourcecode.c.h; path = ActionListTableViewController.h; sourceTree = "<group>"; };
		2AE57BC42190826600012A04 /* ActionListTableViewController.m */ = {isa = PBXFileReference; lastKnownFileType = sourcecode.c.objc; path = ActionListTableViewController.m; sourceTree = "<group>"; };
		2AE609122146B3EF004F30B2 /* Connection.h */ = {isa = PBXFileReference; lastKnownFileType = sourcecode.c.h; path = Connection.h; sourceTree = "<group>"; };
		2AE609132146B3EF004F30B2 /* Connection.m */ = {isa = PBXFileReference; lastKnownFileType = sourcecode.c.objc; path = Connection.m; sourceTree = "<group>"; };
		2AE87DBB214A5F2B0057935D /* MQTTPushClient.entitlements */ = {isa = PBXFileReference; lastKnownFileType = text.plist.entitlements; path = MQTTPushClient.entitlements; sourceTree = "<group>"; };
		2AE87DBC214AA9AB0057935D /* FCMData.h */ = {isa = PBXFileReference; lastKnownFileType = sourcecode.c.h; path = FCMData.h; sourceTree = "<group>"; };
		2AE87DBD214AA9AB0057935D /* FCMData.m */ = {isa = PBXFileReference; lastKnownFileType = sourcecode.c.objc; path = FCMData.m; sourceTree = "<group>"; };
		2AEAF63E21634F23001528E6 /* ServerListTableViewCell.h */ = {isa = PBXFileReference; lastKnownFileType = sourcecode.c.h; path = ServerListTableViewCell.h; sourceTree = "<group>"; };
		2AEAF63F21634F23001528E6 /* ServerListTableViewCell.m */ = {isa = PBXFileReference; lastKnownFileType = sourcecode.c.objc; path = ServerListTableViewCell.m; sourceTree = "<group>"; };
		2AEB225A2237E959008E2BC0 /* JavaScriptFilter.h */ = {isa = PBXFileReference; lastKnownFileType = sourcecode.c.h; path = JavaScriptFilter.h; sourceTree = "<group>"; };
		2AEB225B2237E959008E2BC0 /* JavaScriptFilter.m */ = {isa = PBXFileReference; lastKnownFileType = sourcecode.c.objc; path = JavaScriptFilter.m; sourceTree = "<group>"; };
		2AEC5FCA214011890097D99A /* MessageListTableViewController.h */ = {isa = PBXFileReference; lastKnownFileType = sourcecode.c.h; path = MessageListTableViewController.h; sourceTree = "<group>"; };
		2AEC5FCB214011890097D99A /* MessageListTableViewController.m */ = {isa = PBXFileReference; lastKnownFileType = sourcecode.c.objc; path = MessageListTableViewController.m; sourceTree = "<group>"; };
		2AF2BE60213FCC45009B57C7 /* ServerSetupTableViewController.h */ = {isa = PBXFileReference; lastKnownFileType = sourcecode.c.h; path = ServerSetupTableViewController.h; sourceTree = "<group>"; };
		2AF2BE61213FCC45009B57C7 /* ServerSetupTableViewController.m */ = {isa = PBXFileReference; lastKnownFileType = sourcecode.c.objc; path = ServerSetupTableViewController.m; sourceTree = "<group>"; };
		2AFBCDC8222D29A50070C98C /* ScriptViewController.h */ = {isa = PBXFileReference; lastKnownFileType = sourcecode.c.h; path = ScriptViewController.h; sourceTree = "<group>"; };
		2AFBCDC9222D29A50070C98C /* ScriptViewController.m */ = {isa = PBXFileReference; lastKnownFileType = sourcecode.c.objc; path = ScriptViewController.m; sourceTree = "<group>"; };
		84095D0521903E8300CFC1DB /* Message.h */ = {isa = PBXFileReference; lastKnownFileType = sourcecode.c.h; path = Message.h; sourceTree = "<group>"; };
		84095D0621903E8300CFC1DB /* Message.m */ = {isa = PBXFileReference; lastKnownFileType = sourcecode.c.objc; path = Message.m; sourceTree = "<group>"; };
		84095D092190827300CFC1DB /* ca-certificate.der */ = {isa = PBXFileReference; lastKnownFileType = file; path = "ca-certificate.der"; sourceTree = "<group>"; };
		841E1EEC24585D3D00E6E0CD /* javascript_color.js */ = {isa = PBXFileReference; fileEncoding = 4; lastKnownFileType = sourcecode.javascript; path = javascript_color.js; sourceTree = "<group>"; };
		841E1EF024586A5E00E6E0CD /* ViewParameter.h */ = {isa = PBXFileReference; lastKnownFileType = sourcecode.c.h; path = ViewParameter.h; sourceTree = "<group>"; };
		841E1EF124586A5E00E6E0CD /* ViewParameter.m */ = {isa = PBXFileReference; lastKnownFileType = sourcecode.c.objc; path = ViewParameter.m; sourceTree = "<group>"; };
		843578EC21AFF11F00F5B2F2 /* NotificationQueue.h */ = {isa = PBXFileReference; lastKnownFileType = sourcecode.c.h; path = NotificationQueue.h; sourceTree = "<group>"; };
		843578ED21AFF11F00F5B2F2 /* NotificationQueue.m */ = {isa = PBXFileReference; lastKnownFileType = sourcecode.c.objc; path = NotificationQueue.m; sourceTree = "<group>"; };
		843BE3C3221D4C370039EF7C /* Utils.h */ = {isa = PBXFileReference; lastKnownFileType = sourcecode.c.h; path = Utils.h; sourceTree = "<group>"; };
		843BE3C4221D4C370039EF7C /* Utils.m */ = {isa = PBXFileReference; lastKnownFileType = sourcecode.c.objc; path = Utils.m; sourceTree = "<group>"; };
		843D35E42227EDBD00251D31 /* TokenManager.h */ = {isa = PBXFileReference; lastKnownFileType = sourcecode.c.h; path = TokenManager.h; sourceTree = "<group>"; };
		843D35E52227EDBD00251D31 /* TokenManager.m */ = {isa = PBXFileReference; lastKnownFileType = sourcecode.c.objc; path = TokenManager.m; sourceTree = "<group>"; };
		843E778521B9634A0071A6E8 /* UIAlertController+Window.h */ = {isa = PBXFileReference; fileEncoding = 4; lastKnownFileType = sourcecode.c.h; path = "UIAlertController+Window.h"; sourceTree = "<group>"; };
		843E778621B9634A0071A6E8 /* UIAlertController+Window.m */ = {isa = PBXFileReference; fileEncoding = 4; lastKnownFileType = sourcecode.c.objc; path = "UIAlertController+Window.m"; sourceTree = "<group>"; };
		847874E0217760F00059881B /* Account.h */ = {isa = PBXFileReference; lastKnownFileType = sourcecode.c.h; path = Account.h; sourceTree = "<group>"; };
		847874E1217760F00059881B /* Account.m */ = {isa = PBXFileReference; lastKnownFileType = sourcecode.c.objc; path = Account.m; sourceTree = "<group>"; };
		847874E4217762B00059881B /* AccountList.h */ = {isa = PBXFileReference; lastKnownFileType = sourcecode.c.h; path = AccountList.h; sourceTree = "<group>"; };
		847874E5217762B00059881B /* AccountList.m */ = {isa = PBXFileReference; lastKnownFileType = sourcecode.c.objc; path = AccountList.m; sourceTree = "<group>"; };
		847874E82177777B0059881B /* NSDictionary+HelSafeAccessors.h */ = {isa = PBXFileReference; fileEncoding = 4; lastKnownFileType = sourcecode.c.h; path = "NSDictionary+HelSafeAccessors.h"; sourceTree = "<group>"; };
		847874E92177777B0059881B /* KeychainUtils.h */ = {isa = PBXFileReference; fileEncoding = 4; lastKnownFileType = sourcecode.c.h; path = KeychainUtils.h; sourceTree = "<group>"; };
		847874EA2177777B0059881B /* NSDictionary+HelSafeAccessors.m */ = {isa = PBXFileReference; fileEncoding = 4; lastKnownFileType = sourcecode.c.objc; path = "NSDictionary+HelSafeAccessors.m"; sourceTree = "<group>"; };
		847874EB2177777B0059881B /* KeychainUtils.m */ = {isa = PBXFileReference; fileEncoding = 4; lastKnownFileType = sourcecode.c.objc; path = KeychainUtils.m; sourceTree = "<group>"; };
		847874F1217865700059881B /* SharedConstants.m */ = {isa = PBXFileReference; lastKnownFileType = sourcecode.c.objc; path = SharedConstants.m; sourceTree = "<group>"; };
		847874F42178658F0059881B /* SharedConstants.h */ = {isa = PBXFileReference; lastKnownFileType = sourcecode.c.h; path = SharedConstants.h; sourceTree = "<group>"; };
		84A7CFD12238003100E17D03 /* ScriptViewSectionHeader.h */ = {isa = PBXFileReference; lastKnownFileType = sourcecode.c.h; path = ScriptViewSectionHeader.h; sourceTree = "<group>"; };
		84A7CFD22238003100E17D03 /* ScriptViewSectionHeader.m */ = {isa = PBXFileReference; lastKnownFileType = sourcecode.c.objc; path = ScriptViewSectionHeader.m; sourceTree = "<group>"; };
		84A7CFD42238006900E17D03 /* ScriptViewSectionHeader.xib */ = {isa = PBXFileReference; lastKnownFileType = file.xib; path = ScriptViewSectionHeader.xib; sourceTree = "<group>"; };
		84B49945217F595E0016F9CB /* MQTT.xcdatamodel */ = {isa = PBXFileReference; lastKnownFileType = wrapper.xcdatamodel; path = MQTT.xcdatamodel; sourceTree = "<group>"; };
		84B49948217F5B720016F9CB /* CDMessage+CoreDataClass.h */ = {isa = PBXFileReference; fileEncoding = 4; lastKnownFileType = sourcecode.c.h; path = "CDMessage+CoreDataClass.h"; sourceTree = "<group>"; };
		84B49949217F5B720016F9CB /* CDMessage+CoreDataClass.m */ = {isa = PBXFileReference; fileEncoding = 4; lastKnownFileType = sourcecode.c.objc; path = "CDMessage+CoreDataClass.m"; sourceTree = "<group>"; };
		84B4994A217F5B720016F9CB /* CDAccount+CoreDataClass.m */ = {isa = PBXFileReference; fileEncoding = 4; lastKnownFileType = sourcecode.c.objc; path = "CDAccount+CoreDataClass.m"; sourceTree = "<group>"; };
		84B4994B217F5B720016F9CB /* CDMessage+CoreDataProperties.m */ = {isa = PBXFileReference; fileEncoding = 4; lastKnownFileType = sourcecode.c.objc; path = "CDMessage+CoreDataProperties.m"; sourceTree = "<group>"; };
		84B4994C217F5B720016F9CB /* CDAccount+CoreDataClass.h */ = {isa = PBXFileReference; fileEncoding = 4; lastKnownFileType = sourcecode.c.h; path = "CDAccount+CoreDataClass.h"; sourceTree = "<group>"; };
		84B4994D217F5B720016F9CB /* CDAccount+CoreDataProperties.m */ = {isa = PBXFileReference; fileEncoding = 4; lastKnownFileType = sourcecode.c.objc; path = "CDAccount+CoreDataProperties.m"; sourceTree = "<group>"; };
		84B4994E217F5B720016F9CB /* CDAccount+CoreDataProperties.h */ = {isa = PBXFileReference; fileEncoding = 4; lastKnownFileType = sourcecode.c.h; path = "CDAccount+CoreDataProperties.h"; sourceTree = "<group>"; };
		84B4994F217F5B720016F9CB /* CDMessage+CoreDataProperties.h */ = {isa = PBXFileReference; fileEncoding = 4; lastKnownFileType = sourcecode.c.h; path = "CDMessage+CoreDataProperties.h"; sourceTree = "<group>"; };
		84B574B12215C3FE0018418D /* Trace.h */ = {isa = PBXFileReference; lastKnownFileType = sourcecode.c.h; path = Trace.h; sourceTree = "<group>"; };
		84B9EDC52175E0A1001A9D7D /* MQTTPushClientServiceExtension.appex */ = {isa = PBXFileReference; explicitFileType = "wrapper.app-extension"; includeInIndex = 0; path = MQTTPushClientServiceExtension.appex; sourceTree = BUILT_PRODUCTS_DIR; };
		84B9EDC72175E0A1001A9D7D /* NotificationService.h */ = {isa = PBXFileReference; lastKnownFileType = sourcecode.c.h; path = NotificationService.h; sourceTree = "<group>"; };
		84B9EDC82175E0A1001A9D7D /* NotificationService.m */ = {isa = PBXFileReference; lastKnownFileType = sourcecode.c.objc; path = NotificationService.m; sourceTree = "<group>"; };
		84B9EDCA2175E0A1001A9D7D /* Info.plist */ = {isa = PBXFileReference; lastKnownFileType = text.plist.xml; path = Info.plist; sourceTree = "<group>"; };
		84B9EDD22175E120001A9D7D /* MQTTPushClientServiceExtension.entitlements */ = {isa = PBXFileReference; lastKnownFileType = text.plist.entitlements; path = MQTTPushClientServiceExtension.entitlements; sourceTree = "<group>"; };
		84C0F73021BAA4D200AB4EB1 /* TrustHandler.h */ = {isa = PBXFileReference; lastKnownFileType = sourcecode.c.h; path = TrustHandler.h; sourceTree = "<group>"; };
		84C0F73121BAA4D200AB4EB1 /* TrustHandler.m */ = {isa = PBXFileReference; lastKnownFileType = sourcecode.c.objc; path = TrustHandler.m; sourceTree = "<group>"; };
		84D6352C2243B75C0024E5A2 /* DynamicButton.h */ = {isa = PBXFileReference; lastKnownFileType = sourcecode.c.h; path = DynamicButton.h; sourceTree = "<group>"; };
		84D6352D2243B75C0024E5A2 /* DynamicButton.m */ = {isa = PBXFileReference; lastKnownFileType = sourcecode.c.objc; path = DynamicButton.m; sourceTree = "<group>"; };
		84F4B46E2232950F00197005 /* ExampleJSON.js */ = {isa = PBXFileReference; lastKnownFileType = sourcecode.javascript; path = ExampleJSON.js; sourceTree = "<group>"; };
		84F4B4702232955F00197005 /* ExampleSplit.js */ = {isa = PBXFileReference; lastKnownFileType = sourcecode.javascript; path = ExampleSplit.js; sourceTree = "<group>"; };
		84F4B4722232962700197005 /* ExampleRegularExpression.js */ = {isa = PBXFileReference; lastKnownFileType = sourcecode.javascript; path = ExampleRegularExpression.js; sourceTree = "<group>"; };
		84F4B4742232966100197005 /* ExampleBinary.js */ = {isa = PBXFileReference; lastKnownFileType = sourcecode.javascript; path = ExampleBinary.js; sourceTree = "<group>"; };
		84F4B476223296C900197005 /* ExampleHexdump.js */ = {isa = PBXFileReference; lastKnownFileType = sourcecode.javascript; path = ExampleHexdump.js; sourceTree = "<group>"; };
		84F4B4782232AFB800197005 /* ScriptListTableViewController.h */ = {isa = PBXFileReference; lastKnownFileType = sourcecode.c.h; path = ScriptListTableViewController.h; sourceTree = "<group>"; };
		84F4B4792232AFB800197005 /* ScriptListTableViewController.m */ = {isa = PBXFileReference; lastKnownFileType = sourcecode.c.objc; path = ScriptListTableViewController.m; sourceTree = "<group>"; };
		84F4B47D2232BC5D00197005 /* ExampleScripts.plist */ = {isa = PBXFileReference; lastKnownFileType = text.plist.xml; path = ExampleScripts.plist; sourceTree = "<group>"; };
		C07E3CADB1D42083AAE9B1D7 /* Pods-MQTTPushClient.debug.xcconfig */ = {isa = PBXFileReference; includeInIndex = 1; lastKnownFileType = text.xcconfig; name = "Pods-MQTTPushClient.debug.xcconfig"; path = "Pods/Target Support Files/Pods-MQTTPushClient/Pods-MQTTPushClient.debug.xcconfig"; sourceTree = "<group>"; };
		E1C1CEADCD6E609A37A85507 /* libPods-MQTTPushClient.a */ = {isa = PBXFileReference; explicitFileType = archive.ar; includeInIndex = 0; path = "libPods-MQTTPushClient.a"; sourceTree = BUILT_PRODUCTS_DIR; };
/* End PBXFileReference section */

/* Begin PBXFrameworksBuildPhase section */
		2ADBE44F213D7515000664D3 /* Frameworks */ = {
			isa = PBXFrameworksBuildPhase;
			buildActionMask = 2147483647;
			files = (
				A34141AFBF3B4839BBA7704B /* libPods-MQTTPushClient.a in Frameworks */,
			);
			runOnlyForDeploymentPostprocessing = 0;
		};
		84B9EDC22175E0A1001A9D7D /* Frameworks */ = {
			isa = PBXFrameworksBuildPhase;
			buildActionMask = 2147483647;
			files = (
			);
			runOnlyForDeploymentPostprocessing = 0;
		};
/* End PBXFrameworksBuildPhase section */

/* Begin PBXGroup section */
		2131925826EF6BA100E65AF0 /* Items */ = {
			isa = PBXGroup;
			children = (
				2131927626EF6E0600E65AF0 /* DashItem.h */,
				2131927926EF6E0600E65AF0 /* DashItem.m */,
				21ACFBA926F4996E00737875 /* DashGroupItem.h */,
				21ACFBAA26F4996E00737875 /* DashGroupItem.m */,
				2131927226EF6E0600E65AF0 /* DashTextItem.h */,
				2131927026EF6E0600E65AF0 /* DashTextItem.m */,
				2131927826EF6E0600E65AF0 /* DashSwitchItem.h */,
				2131927526EF6E0600E65AF0 /* DashSwitchItem.m */,
				21ACFBAD26F4A3E300737875 /* DashSliderItem.h */,
				21ACFBAC26F4A3E300737875 /* DashSliderItem.m */,
				2131927426EF6E0600E65AF0 /* DashOptionItem.h */,
				2131927A26EF6E0600E65AF0 /* DashOptionItem.m */,
				2131926E26EF6E0600E65AF0 /* DashOptionListItem.h */,
				2131927126EF6E0600E65AF0 /* DashOptionListItem.m */,
				2131927B26EF6E0700E65AF0 /* DashCustomItem.h */,
				2131927326EF6E0600E65AF0 /* DashCustomItem.m */,
			);
			path = Items;
			sourceTree = "<group>";
		};
		2171417B26E7527700BD7969 /* Utilities */ = {
			isa = PBXGroup;
			children = (
				2171417C26E752CC00BD7969 /* SwitchViewSegue.h */,
				2171417D26E752CC00BD7969 /* SwitchViewSegue.m */,
				21EF4EC626F1E6270019C488 /* NSString+HELUtils.h */,
				21EF4EC726F1E6270019C488 /* NSString+HELUtils.m */,
			);
			path = Utilities;
			sourceTree = "<group>";
		};
		218A631E26E6211E0011126E /* Dashboard */ = {
			isa = PBXGroup;
			children = (
				210B9A3B26E653740071E876 /* Dashboard.storyboard */,
				2171417F26E7573100BD7969 /* DashCollectionViewController.h */,
				2171418026E7573100BD7969 /* DashCollectionViewController.m */,
				2131928326EF730C00E65AF0 /* DashConsts.h */,
				2131928426EF8BF000E65AF0 /* Dashboard.h */,
				2131928526EF8BF000E65AF0 /* Dashboard.m */,
				21EF4EC326F1DEE40019C488 /* DashUtils.h */,
				21EF4EC426F1DEE40019C488 /* DashUtils.m */,
				2131925826EF6BA100E65AF0 /* Items */,
			);
			path = Dashboard;
			sourceTree = "<group>";
		};
		2A7DFF86213EAFE6001B1546 /* PushClient */ = {
			isa = PBXGroup;
			children = (
				2AE56979219481D30037FE30 /* AboutTableViewController.h */,
				2AE5697A219481D30037FE30 /* AboutTableViewController.m */,
				847874E0217760F00059881B /* Account.h */,
				847874E1217760F00059881B /* Account.m */,
				847874E4217762B00059881B /* AccountList.h */,
				847874E5217762B00059881B /* AccountList.m */,
				2AE57BC021906A3900012A04 /* Action.h */,
				2AE57BC121906A3900012A04 /* Action.m */,
				2AE57BC32190826600012A04 /* ActionListTableViewController.h */,
				2AE57BC42190826600012A04 /* ActionListTableViewController.m */,
				2AE045872191EC920010C027 /* AddActionTableViewController.h */,
				2AE045882191EC920010C027 /* AddActionTableViewController.m */,
				2A0E8DF1218332780080DF12 /* AddTopicTableViewController.h */,
				2A0E8DF2218332780080DF12 /* AddTopicTableViewController.m */,
				2ADBE455213D7515000664D3 /* AppDelegate.h */,
				2ADBE456213D7515000664D3 /* AppDelegate.m */,
				2A2859CF2142CC7000CFA5DC /* Cmd.h */,
				2A2859D02142CC7000CFA5DC /* Cmd.m */,
				2AE609122146B3EF004F30B2 /* Connection.h */,
				2AE609132146B3EF004F30B2 /* Connection.m */,
				2AE87DBC214AA9AB0057935D /* FCMData.h */,
				2AE87DBD214AA9AB0057935D /* FCMData.m */,
				2A2859CD2142A02800CFA5DC /* GCDAsyncSocket.h */,
				2A2859CC2142A02800CFA5DC /* GCDAsyncSocket.m */,
				2AEB225A2237E959008E2BC0 /* JavaScriptFilter.h */,
				2AEB225B2237E959008E2BC0 /* JavaScriptFilter.m */,
				847874E92177777B0059881B /* KeychainUtils.h */,
				847874EB2177777B0059881B /* KeychainUtils.m */,
				2AEC5FCA214011890097D99A /* MessageListTableViewController.h */,
				2AEC5FCB214011890097D99A /* MessageListTableViewController.m */,
				2AC93089214BEECD00B603B4 /* MessageTableViewCell.h */,
				2AC9308A214BEECD00B603B4 /* MessageTableViewCell.m */,
				2A197D812195810300CDF015 /* PrivacyPolicyTableViewController.h */,
				2A197D822195810300CDF015 /* PrivacyPolicyTableViewController.m */,
				84F4B4782232AFB800197005 /* ScriptListTableViewController.h */,
				84F4B4792232AFB800197005 /* ScriptListTableViewController.m */,
				2AFBCDC8222D29A50070C98C /* ScriptViewController.h */,
				2AFBCDC9222D29A50070C98C /* ScriptViewController.m */,
				2AEAF63E21634F23001528E6 /* ServerListTableViewCell.h */,
				2AEAF63F21634F23001528E6 /* ServerListTableViewCell.m */,
				2A7DFF83213EAF6E001B1546 /* ServerListTableViewController.h */,
				2A7DFF84213EAF6E001B1546 /* ServerListTableViewController.m */,
				2AF2BE60213FCC45009B57C7 /* ServerSetupTableViewController.h */,
				2AF2BE61213FCC45009B57C7 /* ServerSetupTableViewController.m */,
				843D35E42227EDBD00251D31 /* TokenManager.h */,
				843D35E52227EDBD00251D31 /* TokenManager.m */,
				2ADAB1872181DE3200EBDC4D /* Topic.h */,
				2ADAB1882181DE3200EBDC4D /* Topic.m */,
				2A02D7FB218B4EFA005E6934 /* TopicsListTableViewCell.h */,
				2A02D7FC218B4EFA005E6934 /* TopicsListTableViewCell.m */,
				2A8D67682178A1F300A3B3AF /* TopicsListTableViewController.h */,
				2A8D67692178A1F300A3B3AF /* TopicsListTableViewController.m */,
				84C0F73021BAA4D200AB4EB1 /* TrustHandler.h */,
				84C0F73121BAA4D200AB4EB1 /* TrustHandler.m */,
				843E778521B9634A0071A6E8 /* UIAlertController+Window.h */,
				843E778621B9634A0071A6E8 /* UIAlertController+Window.m */,
				843BE3C3221D4C370039EF7C /* Utils.h */,
				843BE3C4221D4C370039EF7C /* Utils.m */,
				84A7CFD12238003100E17D03 /* ScriptViewSectionHeader.h */,
				84A7CFD22238003100E17D03 /* ScriptViewSectionHeader.m */,
				84A7CFD42238006900E17D03 /* ScriptViewSectionHeader.xib */,
				84D6352C2243B75C0024E5A2 /* DynamicButton.h */,
				84D6352D2243B75C0024E5A2 /* DynamicButton.m */,
				841E1EF024586A5E00E6E0CD /* ViewParameter.h */,
				841E1EF124586A5E00E6E0CD /* ViewParameter.m */,
			);
			path = PushClient;
			sourceTree = "<group>";
		};
		2ADBE449213D7515000664D3 = {
			isa = PBXGroup;
			children = (
				84B49943217F59430016F9CB /* CoreData */,
				847874DF217760620059881B /* Shared */,
				2ADBE454213D7515000664D3 /* MQTTPushClient */,
				84B9EDC62175E0A1001A9D7D /* MQTTPushClientServiceExtension */,
				2ADBE453213D7515000664D3 /* Products */,
				44C49B383F37B00713AAEEB2 /* Pods */,
				E4A46935F60EFDA587278ECF /* Frameworks */,
			);
			sourceTree = "<group>";
			usesTabs = 1;
		};
		2ADBE453213D7515000664D3 /* Products */ = {
			isa = PBXGroup;
			children = (
				2ADBE452213D7515000664D3 /* MQTTPushClient.app */,
				84B9EDC52175E0A1001A9D7D /* MQTTPushClientServiceExtension.appex */,
			);
			name = Products;
			sourceTree = "<group>";
		};
		2ADBE454213D7515000664D3 /* MQTTPushClient */ = {
			isa = PBXGroup;
			children = (
				84F4B46D223294C100197005 /* Scripts */,
				2171417B26E7527700BD7969 /* Utilities */,
				84095D092190827300CFC1DB /* ca-certificate.der */,
				2AE87DBB214A5F2B0057935D /* MQTTPushClient.entitlements */,
				2ADBE45E213D7516000664D3 /* Assets.xcassets */,
				2ADBE463213D7516000664D3 /* Info.plist */,
				2ADBE460213D7516000664D3 /* LaunchScreen.storyboard */,
				2ADBE464213D7516000664D3 /* main.m */,
				2ADBE45B213D7515000664D3 /* Main.storyboard */,
				218A631E26E6211E0011126E /* Dashboard */,
				2A7DFF86213EAFE6001B1546 /* PushClient */,
			);
			path = MQTTPushClient;
			sourceTree = "<group>";
		};
		44C49B383F37B00713AAEEB2 /* Pods */ = {
			isa = PBXGroup;
			children = (
				C07E3CADB1D42083AAE9B1D7 /* Pods-MQTTPushClient.debug.xcconfig */,
				0DC97F4BF288E69FF275C3DC /* Pods-MQTTPushClient.release.xcconfig */,
			);
			name = Pods;
			sourceTree = "<group>";
		};
		847874DF217760620059881B /* Shared */ = {
			isa = PBXGroup;
			children = (
				847874E82177777B0059881B /* NSDictionary+HelSafeAccessors.h */,
				847874EA2177777B0059881B /* NSDictionary+HelSafeAccessors.m */,
				847874F42178658F0059881B /* SharedConstants.h */,
				847874F1217865700059881B /* SharedConstants.m */,
				2ADFE5662166286600FB19E4 /* MessageDataHandler.h */,
				2ADFE5672166286600FB19E4 /* MessageDataHandler.m */,
				84095D0521903E8300CFC1DB /* Message.h */,
				84095D0621903E8300CFC1DB /* Message.m */,
				843578EC21AFF11F00F5B2F2 /* NotificationQueue.h */,
				843578ED21AFF11F00F5B2F2 /* NotificationQueue.m */,
				84B574B12215C3FE0018418D /* Trace.h */,
			);
			path = Shared;
			sourceTree = "<group>";
		};
		84B49943217F59430016F9CB /* CoreData */ = {
			isa = PBXGroup;
			children = (
				84B4994C217F5B720016F9CB /* CDAccount+CoreDataClass.h */,
				84B4994A217F5B720016F9CB /* CDAccount+CoreDataClass.m */,
				84B4994E217F5B720016F9CB /* CDAccount+CoreDataProperties.h */,
				84B4994D217F5B720016F9CB /* CDAccount+CoreDataProperties.m */,
				84B49948217F5B720016F9CB /* CDMessage+CoreDataClass.h */,
				84B49949217F5B720016F9CB /* CDMessage+CoreDataClass.m */,
				84B4994F217F5B720016F9CB /* CDMessage+CoreDataProperties.h */,
				84B4994B217F5B720016F9CB /* CDMessage+CoreDataProperties.m */,
				84B49944217F595E0016F9CB /* MQTT.xcdatamodeld */,
			);
			path = CoreData;
			sourceTree = "<group>";
		};
		84B9EDC62175E0A1001A9D7D /* MQTTPushClientServiceExtension */ = {
			isa = PBXGroup;
			children = (
				84B9EDD22175E120001A9D7D /* MQTTPushClientServiceExtension.entitlements */,
				84B9EDC72175E0A1001A9D7D /* NotificationService.h */,
				84B9EDC82175E0A1001A9D7D /* NotificationService.m */,
				84B9EDCA2175E0A1001A9D7D /* Info.plist */,
			);
			path = MQTTPushClientServiceExtension;
			sourceTree = "<group>";
		};
		84F4B46D223294C100197005 /* Scripts */ = {
			isa = PBXGroup;
			children = (
				841E1EEC24585D3D00E6E0CD /* javascript_color.js */,
				84F4B46E2232950F00197005 /* ExampleJSON.js */,
				84F4B4722232962700197005 /* ExampleRegularExpression.js */,
				84F4B4702232955F00197005 /* ExampleSplit.js */,
				84F4B4742232966100197005 /* ExampleBinary.js */,
				84F4B476223296C900197005 /* ExampleHexdump.js */,
				84F4B47D2232BC5D00197005 /* ExampleScripts.plist */,
			);
			path = Scripts;
			sourceTree = "<group>";
		};
		E4A46935F60EFDA587278ECF /* Frameworks */ = {
			isa = PBXGroup;
			children = (
				E1C1CEADCD6E609A37A85507 /* libPods-MQTTPushClient.a */,
			);
			name = Frameworks;
			sourceTree = "<group>";
		};
/* End PBXGroup section */

/* Begin PBXNativeTarget section */
		2ADBE451213D7515000664D3 /* MQTTPushClient */ = {
			isa = PBXNativeTarget;
			buildConfigurationList = 2ADBE468213D7516000664D3 /* Build configuration list for PBXNativeTarget "MQTTPushClient" */;
			buildPhases = (
				235B24F763E3F1DB41099A5A /* [CP] Check Pods Manifest.lock */,
				2ADBE44E213D7515000664D3 /* Sources */,
				2ADBE44F213D7515000664D3 /* Frameworks */,
				2ADBE450213D7515000664D3 /* Resources */,
				84B9EDD12175E0A1001A9D7D /* Embed App Extensions */,
			);
			buildRules = (
			);
			dependencies = (
				84B9EDCC2175E0A1001A9D7D /* PBXTargetDependency */,
			);
			name = MQTTPushClient;
			productName = MQTTPushClient;
			productReference = 2ADBE452213D7515000664D3 /* MQTTPushClient.app */;
			productType = "com.apple.product-type.application";
		};
		84B9EDC42175E0A1001A9D7D /* MQTTPushClientServiceExtension */ = {
			isa = PBXNativeTarget;
			buildConfigurationList = 84B9EDD02175E0A1001A9D7D /* Build configuration list for PBXNativeTarget "MQTTPushClientServiceExtension" */;
			buildPhases = (
				84B9EDC12175E0A1001A9D7D /* Sources */,
				84B9EDC22175E0A1001A9D7D /* Frameworks */,
				84B9EDC32175E0A1001A9D7D /* Resources */,
			);
			buildRules = (
			);
			dependencies = (
			);
			name = MQTTPushClientServiceExtension;
			productName = MQTTPushClientServiceExtension;
			productReference = 84B9EDC52175E0A1001A9D7D /* MQTTPushClientServiceExtension.appex */;
			productType = "com.apple.product-type.app-extension";
		};
/* End PBXNativeTarget section */

/* Begin PBXProject section */
		2ADBE44A213D7515000664D3 /* Project object */ = {
			isa = PBXProject;
			attributes = {
				LastUpgradeCheck = 0940;
				ORGANIZATIONNAME = Helios;
				TargetAttributes = {
					2ADBE451213D7515000664D3 = {
						CreatedOnToolsVersion = 9.4.1;
						SystemCapabilities = {
							com.apple.ApplicationGroups.iOS = {
								enabled = 1;
							};
							com.apple.BackgroundModes = {
								enabled = 1;
							};
							com.apple.Push = {
								enabled = 1;
							};
						};
					};
					84B9EDC42175E0A1001A9D7D = {
						CreatedOnToolsVersion = 10.0;
						SystemCapabilities = {
							com.apple.ApplicationGroups.iOS = {
								enabled = 1;
							};
						};
					};
				};
			};
			buildConfigurationList = 2ADBE44D213D7515000664D3 /* Build configuration list for PBXProject "MQTTPushClient" */;
			compatibilityVersion = "Xcode 9.3";
			developmentRegion = en;
			hasScannedForEncodings = 0;
			knownRegions = (
				en,
				Base,
			);
			mainGroup = 2ADBE449213D7515000664D3;
			productRefGroup = 2ADBE453213D7515000664D3 /* Products */;
			projectDirPath = "";
			projectRoot = "";
			targets = (
				2ADBE451213D7515000664D3 /* MQTTPushClient */,
				84B9EDC42175E0A1001A9D7D /* MQTTPushClientServiceExtension */,
			);
		};
/* End PBXProject section */

/* Begin PBXResourcesBuildPhase section */
		2ADBE450213D7515000664D3 /* Resources */ = {
			isa = PBXResourcesBuildPhase;
			buildActionMask = 2147483647;
			files = (
				2ADBE462213D7516000664D3 /* LaunchScreen.storyboard in Resources */,
				84F4B4732232962700197005 /* ExampleRegularExpression.js in Resources */,
				2ADBE45F213D7516000664D3 /* Assets.xcassets in Resources */,
				841E1EED24585D3D00E6E0CD /* javascript_color.js in Resources */,
				210B9A3C26E653740071E876 /* Dashboard.storyboard in Resources */,
				2ADBE45D213D7515000664D3 /* Main.storyboard in Resources */,
				84A7CFD52238006900E17D03 /* ScriptViewSectionHeader.xib in Resources */,
				84F4B477223296C900197005 /* ExampleHexdump.js in Resources */,
				84F4B4752232966100197005 /* ExampleBinary.js in Resources */,
				84F4B46F2232950F00197005 /* ExampleJSON.js in Resources */,
				84F4B4712232955F00197005 /* ExampleSplit.js in Resources */,
				84F4B47E2232BC5D00197005 /* ExampleScripts.plist in Resources */,
				84095D0A2190827300CFC1DB /* ca-certificate.der in Resources */,
			);
			runOnlyForDeploymentPostprocessing = 0;
		};
		84B9EDC32175E0A1001A9D7D /* Resources */ = {
			isa = PBXResourcesBuildPhase;
			buildActionMask = 2147483647;
			files = (
			);
			runOnlyForDeploymentPostprocessing = 0;
		};
/* End PBXResourcesBuildPhase section */

/* Begin PBXShellScriptBuildPhase section */
		235B24F763E3F1DB41099A5A /* [CP] Check Pods Manifest.lock */ = {
			isa = PBXShellScriptBuildPhase;
			buildActionMask = 2147483647;
			files = (
			);
			inputPaths = (
				"${PODS_PODFILE_DIR_PATH}/Podfile.lock",
				"${PODS_ROOT}/Manifest.lock",
			);
			name = "[CP] Check Pods Manifest.lock";
			outputPaths = (
				"$(DERIVED_FILE_DIR)/Pods-MQTTPushClient-checkManifestLockResult.txt",
			);
			runOnlyForDeploymentPostprocessing = 0;
			shellPath = /bin/sh;
			shellScript = "diff \"${PODS_PODFILE_DIR_PATH}/Podfile.lock\" \"${PODS_ROOT}/Manifest.lock\" > /dev/null\nif [ $? != 0 ] ; then\n    # print error to STDERR\n    echo \"error: The sandbox is not in sync with the Podfile.lock. Run 'pod install' or update your CocoaPods installation.\" >&2\n    exit 1\nfi\n# This output is used by Xcode 'outputs' to avoid re-running this script phase.\necho \"SUCCESS\" > \"${SCRIPT_OUTPUT_FILE_0}\"\n";
			showEnvVarsInLog = 0;
		};
/* End PBXShellScriptBuildPhase section */

/* Begin PBXSourcesBuildPhase section */
		2ADBE44E213D7515000664D3 /* Sources */ = {
			isa = PBXSourcesBuildPhase;
			buildActionMask = 2147483647;
			files = (
				2AEAF64021634F23001528E6 /* ServerListTableViewCell.m in Sources */,
				2AFBCDCA222D29A50070C98C /* ScriptViewController.m in Sources */,
				847874E2217760F00059881B /* Account.m in Sources */,
				2131927F26EF6E0700E65AF0 /* DashSwitchItem.m in Sources */,
				2131927C26EF6E0700E65AF0 /* DashTextItem.m in Sources */,
				21ACFBAE26F4A3E300737875 /* DashSliderItem.m in Sources */,
				21ACFBAB26F4996E00737875 /* DashGroupItem.m in Sources */,
				2171418126E7573100BD7969 /* DashCollectionViewController.m in Sources */,
				84D6352E2243B75C0024E5A2 /* DynamicButton.m in Sources */,
				2A2859D12142CC7000CFA5DC /* Cmd.m in Sources */,
				2131928626EF8BF000E65AF0 /* Dashboard.m in Sources */,
				2ADAB1892181DE3200EBDC4D /* Topic.m in Sources */,
				2A7DFF85213EAF6E001B1546 /* ServerListTableViewController.m in Sources */,
				2ADBE465213D7516000664D3 /* main.m in Sources */,
				2131928226EF6E0700E65AF0 /* DashOptionItem.m in Sources */,
				843E778721B9634A0071A6E8 /* UIAlertController+Window.m in Sources */,
				84C0F73221BAA4D200AB4EB1 /* TrustHandler.m in Sources */,
				84A7CFD32238003100E17D03 /* ScriptViewSectionHeader.m in Sources */,
				2AE045892191EC920010C027 /* AddActionTableViewController.m in Sources */,
				2131927D26EF6E0700E65AF0 /* DashOptionListItem.m in Sources */,
				2AEC5FCC214011890097D99A /* MessageListTableViewController.m in Sources */,
				847874EE2177777B0059881B /* KeychainUtils.m in Sources */,
				847874F2217865700059881B /* SharedConstants.m in Sources */,
				2AE57BC221906A3900012A04 /* Action.m in Sources */,
				841E1EF224586A5E00E6E0CD /* ViewParameter.m in Sources */,
				847874E6217762B10059881B /* AccountList.m in Sources */,
				84B49950217F5B720016F9CB /* CDMessage+CoreDataClass.m in Sources */,
				2ADFE5682166286600FB19E4 /* MessageDataHandler.m in Sources */,
				847874EC2177777B0059881B /* NSDictionary+HelSafeAccessors.m in Sources */,
				2AEB225C2237E959008E2BC0 /* JavaScriptFilter.m in Sources */,
				843578EE21AFF11F00F5B2F2 /* NotificationQueue.m in Sources */,
				2ADBE457213D7515000664D3 /* AppDelegate.m in Sources */,
				2AE87DBE214AA9AB0057935D /* FCMData.m in Sources */,
				21EF4EC526F1DEE40019C488 /* DashUtils.m in Sources */,
				2A2859CE2142A02800CFA5DC /* GCDAsyncSocket.m in Sources */,
				2AE57BC52190826600012A04 /* ActionListTableViewController.m in Sources */,
				84095D0721903E8300CFC1DB /* Message.m in Sources */,
				84B49956217F5B720016F9CB /* CDAccount+CoreDataProperties.m in Sources */,
				84B49946217F595E0016F9CB /* MQTT.xcdatamodeld in Sources */,
				2171417E26E752CC00BD7969 /* SwitchViewSegue.m in Sources */,
				2AF2BE62213FCC45009B57C7 /* ServerSetupTableViewController.m in Sources */,
				2131928126EF6E0700E65AF0 /* DashItem.m in Sources */,
				2AE5697B219481D30037FE30 /* AboutTableViewController.m in Sources */,
				843BE3C5221D4C370039EF7C /* Utils.m in Sources */,
				21EF4EC826F1E6280019C488 /* NSString+HELUtils.m in Sources */,
				2131927E26EF6E0700E65AF0 /* DashCustomItem.m in Sources */,
				84B49954217F5B720016F9CB /* CDMessage+CoreDataProperties.m in Sources */,
				2AC9308B214BEECD00B603B4 /* MessageTableViewCell.m in Sources */,
				2A197D832195810300CDF015 /* PrivacyPolicyTableViewController.m in Sources */,
				84F4B47A2232AFB800197005 /* ScriptListTableViewController.m in Sources */,
				2AE609142146B3EF004F30B2 /* Connection.m in Sources */,
				84B49952217F5B720016F9CB /* CDAccount+CoreDataClass.m in Sources */,
				2A02D7FD218B4EFA005E6934 /* TopicsListTableViewCell.m in Sources */,
				843D35E62227EDBD00251D31 /* TokenManager.m in Sources */,
				2A8D676A2178A1F300A3B3AF /* TopicsListTableViewController.m in Sources */,
				2A0E8DF3218332780080DF12 /* AddTopicTableViewController.m in Sources */,
			);
			runOnlyForDeploymentPostprocessing = 0;
		};
		84B9EDC12175E0A1001A9D7D /* Sources */ = {
			isa = PBXSourcesBuildPhase;
			buildActionMask = 2147483647;
			files = (
				84B9EDC92175E0A1001A9D7D /* NotificationService.m in Sources */,
				843F4DDE224121B200742AAE /* AccountList.m in Sources */,
				84B045602181DB8100C261F8 /* MessageDataHandler.m in Sources */,
				843F4DDF224128B600742AAE /* Topic.m in Sources */,
				847874F3217865700059881B /* SharedConstants.m in Sources */,
				847874ED2177777B0059881B /* NSDictionary+HelSafeAccessors.m in Sources */,
				843F4DDD2241208600742AAE /* Account.m in Sources */,
				841E1EF324586C7C00E6E0CD /* ViewParameter.m in Sources */,
				84095D0821903E8E00CFC1DB /* Message.m in Sources */,
				843F4DE022412ACC00742AAE /* JavaScriptFilter.m in Sources */,
				8412B3A821B030410070846D /* NotificationQueue.m in Sources */,
			);
			runOnlyForDeploymentPostprocessing = 0;
		};
/* End PBXSourcesBuildPhase section */

/* Begin PBXTargetDependency section */
		84B9EDCC2175E0A1001A9D7D /* PBXTargetDependency */ = {
			isa = PBXTargetDependency;
			target = 84B9EDC42175E0A1001A9D7D /* MQTTPushClientServiceExtension */;
			targetProxy = 84B9EDCB2175E0A1001A9D7D /* PBXContainerItemProxy */;
		};
/* End PBXTargetDependency section */

/* Begin PBXVariantGroup section */
		2ADBE45B213D7515000664D3 /* Main.storyboard */ = {
			isa = PBXVariantGroup;
			children = (
				2ADBE45C213D7515000664D3 /* Base */,
			);
			name = Main.storyboard;
			sourceTree = "<group>";
		};
		2ADBE460213D7516000664D3 /* LaunchScreen.storyboard */ = {
			isa = PBXVariantGroup;
			children = (
				2ADBE461213D7516000664D3 /* Base */,
			);
			name = LaunchScreen.storyboard;
			sourceTree = "<group>";
		};
/* End PBXVariantGroup section */

/* Begin XCBuildConfiguration section */
		2ADBE466213D7516000664D3 /* Debug */ = {
			isa = XCBuildConfiguration;
			buildSettings = {
				ALWAYS_SEARCH_USER_PATHS = NO;
				CLANG_ANALYZER_NONNULL = YES;
				CLANG_ANALYZER_NUMBER_OBJECT_CONVERSION = YES_AGGRESSIVE;
				CLANG_CXX_LANGUAGE_STANDARD = "gnu++14";
				CLANG_CXX_LIBRARY = "libc++";
				CLANG_ENABLE_MODULES = YES;
				CLANG_ENABLE_OBJC_ARC = YES;
				CLANG_ENABLE_OBJC_WEAK = YES;
				CLANG_WARN_BLOCK_CAPTURE_AUTORELEASING = YES;
				CLANG_WARN_BOOL_CONVERSION = YES;
				CLANG_WARN_COMMA = YES;
				CLANG_WARN_CONSTANT_CONVERSION = YES;
				CLANG_WARN_DEPRECATED_OBJC_IMPLEMENTATIONS = YES;
				CLANG_WARN_DIRECT_OBJC_ISA_USAGE = YES_ERROR;
				CLANG_WARN_DOCUMENTATION_COMMENTS = YES;
				CLANG_WARN_EMPTY_BODY = YES;
				CLANG_WARN_ENUM_CONVERSION = YES;
				CLANG_WARN_INFINITE_RECURSION = YES;
				CLANG_WARN_INT_CONVERSION = YES;
				CLANG_WARN_NON_LITERAL_NULL_CONVERSION = YES;
				CLANG_WARN_OBJC_IMPLICIT_RETAIN_SELF = YES;
				CLANG_WARN_OBJC_LITERAL_CONVERSION = YES;
				CLANG_WARN_OBJC_ROOT_CLASS = YES_ERROR;
				CLANG_WARN_RANGE_LOOP_ANALYSIS = YES;
				CLANG_WARN_STRICT_PROTOTYPES = YES;
				CLANG_WARN_SUSPICIOUS_MOVE = YES;
				CLANG_WARN_UNGUARDED_AVAILABILITY = YES_AGGRESSIVE;
				CLANG_WARN_UNREACHABLE_CODE = YES;
				CLANG_WARN__DUPLICATE_METHOD_MATCH = YES;
				CODE_SIGN_IDENTITY = "iPhone Developer";
				COPY_PHASE_STRIP = NO;
				DEBUG_INFORMATION_FORMAT = dwarf;
				ENABLE_STRICT_OBJC_MSGSEND = YES;
				ENABLE_TESTABILITY = YES;
				GCC_C_LANGUAGE_STANDARD = gnu11;
				GCC_DYNAMIC_NO_PIC = NO;
				GCC_NO_COMMON_BLOCKS = YES;
				GCC_OPTIMIZATION_LEVEL = 0;
				GCC_PREPROCESSOR_DEFINITIONS = (
					"DEBUG=1",
					"$(inherited)",
				);
				GCC_WARN_64_TO_32_BIT_CONVERSION = YES;
				GCC_WARN_ABOUT_RETURN_TYPE = YES_ERROR;
				GCC_WARN_UNDECLARED_SELECTOR = YES;
				GCC_WARN_UNINITIALIZED_AUTOS = YES_AGGRESSIVE;
				GCC_WARN_UNUSED_FUNCTION = YES;
				GCC_WARN_UNUSED_VARIABLE = YES;
				IPHONEOS_DEPLOYMENT_TARGET = 10.3;
				MTL_ENABLE_DEBUG_INFO = YES;
				ONLY_ACTIVE_ARCH = YES;
				SDKROOT = iphoneos;
			};
			name = Debug;
		};
		2ADBE467213D7516000664D3 /* Release */ = {
			isa = XCBuildConfiguration;
			buildSettings = {
				ALWAYS_SEARCH_USER_PATHS = NO;
				CLANG_ANALYZER_NONNULL = YES;
				CLANG_ANALYZER_NUMBER_OBJECT_CONVERSION = YES_AGGRESSIVE;
				CLANG_CXX_LANGUAGE_STANDARD = "gnu++14";
				CLANG_CXX_LIBRARY = "libc++";
				CLANG_ENABLE_MODULES = YES;
				CLANG_ENABLE_OBJC_ARC = YES;
				CLANG_ENABLE_OBJC_WEAK = YES;
				CLANG_WARN_BLOCK_CAPTURE_AUTORELEASING = YES;
				CLANG_WARN_BOOL_CONVERSION = YES;
				CLANG_WARN_COMMA = YES;
				CLANG_WARN_CONSTANT_CONVERSION = YES;
				CLANG_WARN_DEPRECATED_OBJC_IMPLEMENTATIONS = YES;
				CLANG_WARN_DIRECT_OBJC_ISA_USAGE = YES_ERROR;
				CLANG_WARN_DOCUMENTATION_COMMENTS = YES;
				CLANG_WARN_EMPTY_BODY = YES;
				CLANG_WARN_ENUM_CONVERSION = YES;
				CLANG_WARN_INFINITE_RECURSION = YES;
				CLANG_WARN_INT_CONVERSION = YES;
				CLANG_WARN_NON_LITERAL_NULL_CONVERSION = YES;
				CLANG_WARN_OBJC_IMPLICIT_RETAIN_SELF = YES;
				CLANG_WARN_OBJC_LITERAL_CONVERSION = YES;
				CLANG_WARN_OBJC_ROOT_CLASS = YES_ERROR;
				CLANG_WARN_RANGE_LOOP_ANALYSIS = YES;
				CLANG_WARN_STRICT_PROTOTYPES = YES;
				CLANG_WARN_SUSPICIOUS_MOVE = YES;
				CLANG_WARN_UNGUARDED_AVAILABILITY = YES_AGGRESSIVE;
				CLANG_WARN_UNREACHABLE_CODE = YES;
				CLANG_WARN__DUPLICATE_METHOD_MATCH = YES;
				CODE_SIGN_IDENTITY = "iPhone Developer";
				COPY_PHASE_STRIP = NO;
				DEBUG_INFORMATION_FORMAT = "dwarf-with-dsym";
				ENABLE_NS_ASSERTIONS = NO;
				ENABLE_STRICT_OBJC_MSGSEND = YES;
				GCC_C_LANGUAGE_STANDARD = gnu11;
				GCC_NO_COMMON_BLOCKS = YES;
				GCC_WARN_64_TO_32_BIT_CONVERSION = YES;
				GCC_WARN_ABOUT_RETURN_TYPE = YES_ERROR;
				GCC_WARN_UNDECLARED_SELECTOR = YES;
				GCC_WARN_UNINITIALIZED_AUTOS = YES_AGGRESSIVE;
				GCC_WARN_UNUSED_FUNCTION = YES;
				GCC_WARN_UNUSED_VARIABLE = YES;
				IPHONEOS_DEPLOYMENT_TARGET = 10.3;
				MTL_ENABLE_DEBUG_INFO = NO;
				SDKROOT = iphoneos;
				VALIDATE_PRODUCT = YES;
			};
			name = Release;
		};
		2ADBE469213D7516000664D3 /* Debug */ = {
			isa = XCBuildConfiguration;
			baseConfigurationReference = C07E3CADB1D42083AAE9B1D7 /* Pods-MQTTPushClient.debug.xcconfig */;
			buildSettings = {
				ASSETCATALOG_COMPILER_APPICON_NAME = AppIcon;
				CODE_SIGN_ENTITLEMENTS = MQTTPushClient/MQTTPushClient.entitlements;
				CODE_SIGN_STYLE = Automatic;
				DEVELOPMENT_TEAM = 36U648SHJ6;
				INFOPLIST_FILE = MQTTPushClient/Info.plist;
				LD_RUNPATH_SEARCH_PATHS = (
					"$(inherited)",
					"@executable_path/Frameworks",
				);
				PRODUCT_BUNDLE_IDENTIFIER = de.helios.MQTTPushClient;
				PRODUCT_NAME = "$(TARGET_NAME)";
				TARGETED_DEVICE_FAMILY = "1,2";
			};
			name = Debug;
		};
		2ADBE46A213D7516000664D3 /* Release */ = {
			isa = XCBuildConfiguration;
			baseConfigurationReference = 0DC97F4BF288E69FF275C3DC /* Pods-MQTTPushClient.release.xcconfig */;
			buildSettings = {
				ASSETCATALOG_COMPILER_APPICON_NAME = AppIcon;
				CODE_SIGN_ENTITLEMENTS = MQTTPushClient/MQTTPushClient.entitlements;
				CODE_SIGN_STYLE = Automatic;
				DEVELOPMENT_TEAM = 36U648SHJ6;
				INFOPLIST_FILE = MQTTPushClient/Info.plist;
				LD_RUNPATH_SEARCH_PATHS = (
					"$(inherited)",
					"@executable_path/Frameworks",
				);
				PRODUCT_BUNDLE_IDENTIFIER = de.helios.MQTTPushClient;
				PRODUCT_NAME = "$(TARGET_NAME)";
				TARGETED_DEVICE_FAMILY = "1,2";
			};
			name = Release;
		};
		84B9EDCE2175E0A1001A9D7D /* Debug */ = {
			isa = XCBuildConfiguration;
			buildSettings = {
				CODE_SIGN_ENTITLEMENTS = MQTTPushClientServiceExtension/MQTTPushClientServiceExtension.entitlements;
				CODE_SIGN_STYLE = Automatic;
				DEVELOPMENT_TEAM = 36U648SHJ6;
				INFOPLIST_FILE = MQTTPushClientServiceExtension/Info.plist;
				LD_RUNPATH_SEARCH_PATHS = (
					"$(inherited)",
					"@executable_path/Frameworks",
					"@executable_path/../../Frameworks",
				);
				MTL_ENABLE_DEBUG_INFO = INCLUDE_SOURCE;
				MTL_FAST_MATH = YES;
				OTHER_CFLAGS = "-DMQTT_EXTENSION";
				PRODUCT_BUNDLE_IDENTIFIER = de.helios.MQTTPushClient.MQTTPushClientServiceExtension;
				PRODUCT_NAME = "$(TARGET_NAME)";
				SKIP_INSTALL = YES;
				TARGETED_DEVICE_FAMILY = "1,2";
			};
			name = Debug;
		};
		84B9EDCF2175E0A1001A9D7D /* Release */ = {
			isa = XCBuildConfiguration;
			buildSettings = {
				CODE_SIGN_ENTITLEMENTS = MQTTPushClientServiceExtension/MQTTPushClientServiceExtension.entitlements;
				CODE_SIGN_STYLE = Automatic;
				DEVELOPMENT_TEAM = 36U648SHJ6;
				INFOPLIST_FILE = MQTTPushClientServiceExtension/Info.plist;
				LD_RUNPATH_SEARCH_PATHS = (
					"$(inherited)",
					"@executable_path/Frameworks",
					"@executable_path/../../Frameworks",
				);
				MTL_FAST_MATH = YES;
				OTHER_CFLAGS = "-DMQTT_EXTENSION";
				PRODUCT_BUNDLE_IDENTIFIER = de.helios.MQTTPushClient.MQTTPushClientServiceExtension;
				PRODUCT_NAME = "$(TARGET_NAME)";
				SKIP_INSTALL = YES;
				TARGETED_DEVICE_FAMILY = "1,2";
			};
			name = Release;
		};
/* End XCBuildConfiguration section */

/* Begin XCConfigurationList section */
		2ADBE44D213D7515000664D3 /* Build configuration list for PBXProject "MQTTPushClient" */ = {
			isa = XCConfigurationList;
			buildConfigurations = (
				2ADBE466213D7516000664D3 /* Debug */,
				2ADBE467213D7516000664D3 /* Release */,
			);
			defaultConfigurationIsVisible = 0;
			defaultConfigurationName = Release;
		};
		2ADBE468213D7516000664D3 /* Build configuration list for PBXNativeTarget "MQTTPushClient" */ = {
			isa = XCConfigurationList;
			buildConfigurations = (
				2ADBE469213D7516000664D3 /* Debug */,
				2ADBE46A213D7516000664D3 /* Release */,
			);
			defaultConfigurationIsVisible = 0;
			defaultConfigurationName = Release;
		};
		84B9EDD02175E0A1001A9D7D /* Build configuration list for PBXNativeTarget "MQTTPushClientServiceExtension" */ = {
			isa = XCConfigurationList;
			buildConfigurations = (
				84B9EDCE2175E0A1001A9D7D /* Debug */,
				84B9EDCF2175E0A1001A9D7D /* Release */,
			);
			defaultConfigurationIsVisible = 0;
			defaultConfigurationName = Release;
		};
/* End XCConfigurationList section */

/* Begin XCVersionGroup section */
		84B49944217F595E0016F9CB /* MQTT.xcdatamodeld */ = {
			isa = XCVersionGroup;
			children = (
				84B49945217F595E0016F9CB /* MQTT.xcdatamodel */,
			);
			currentVersion = 84B49945217F595E0016F9CB /* MQTT.xcdatamodel */;
			path = MQTT.xcdatamodeld;
			sourceTree = "<group>";
			versionGroupType = wrapper.xcdatamodel;
		};
/* End XCVersionGroup section */
	};
	rootObject = 2ADBE44A213D7515000664D3 /* Project object */;
}
